
Microsoft Visual Studio Solution File, Format Version 12.00
# Visual Studio Version 16
VisualStudioVersion = 16.0.29806.167
MinimumVisualStudioVersion = 10.0.40219.1
Project("{2150E333-8FDC-42A3-9474-1A3956D46DE8}") = "Behavioral", "Behavioral", "{207C17C2-7ECE-4DD7-9B18-5A4A838288A2}"
EndProject
Project("{2150E333-8FDC-42A3-9474-1A3956D46DE8}") = "Creational", "Creational", "{DAF1C73D-0282-4B44-B749-B1A6747D24AA}"
EndProject
Project("{2150E333-8FDC-42A3-9474-1A3956D46DE8}") = "Structural", "Structural", "{860BC4CA-F738-497E-99D7-CD06270D96EE}"
EndProject
Project("{9A19103F-16F7-4668-BE54-9A1E7A4F7556}") = "Singleton", "Creational\Singleton\Singleton.csproj", "{3971D467-13D9-439D-9E62-FC450A95BC58}"
EndProject
Project("{9A19103F-16F7-4668-BE54-9A1E7A4F7556}") = "Specification", "Behavioral\Specification\Specification.csproj", "{A72DBE83-A69A-4336-9782-D317BBEC49D2}"
EndProject
Project("{9A19103F-16F7-4668-BE54-9A1E7A4F7556}") = "FactoryMethod", "Creational\FactoryMethod\FactoryMethod.csproj", "{D44E0C84-6613-4CFF-9858-22C5834B64F8}"
EndProject
Project("{9A19103F-16F7-4668-BE54-9A1E7A4F7556}") = "AbstractFactory", "Creational\AbstractFactory\AbstractFactory.csproj", "{4D19C06B-D349-4907-B137-500C37DB783D}"
EndProject
Project("{9A19103F-16F7-4668-BE54-9A1E7A4F7556}") = "Prototype", "Creational\Prototype\Prototype.csproj", "{2E5A8CCE-007E-4329-B6FB-319BDE24912E}"
EndProject
Project("{9A19103F-16F7-4668-BE54-9A1E7A4F7556}") = "Builder", "Creational\Builder\Builder.csproj", "{3CA25D8B-0622-4CF7-BF21-28E7ADF52FE8}"
EndProject
Project("{9A19103F-16F7-4668-BE54-9A1E7A4F7556}") = "ObjectPool", "Creational\ObjectPool\ObjectPool.csproj", "{20C6B7F9-0822-4C7B-A827-7EEF63147225}"
EndProject
Project("{FAE04EC0-301F-11D3-BF4B-00C04F79EFBC}") = "Adapter", "Structural\Adapter\Adapter.csproj", "{3C0DB726-A712-442A-A314-D8081F35474D}"
EndProject
Global
	GlobalSection(SolutionConfigurationPlatforms) = preSolution
		Debug|Any CPU = Debug|Any CPU
		Release|Any CPU = Release|Any CPU
	EndGlobalSection
	GlobalSection(ProjectConfigurationPlatforms) = postSolution
		{3971D467-13D9-439D-9E62-FC450A95BC58}.Debug|Any CPU.ActiveCfg = Debug|Any CPU
		{3971D467-13D9-439D-9E62-FC450A95BC58}.Debug|Any CPU.Build.0 = Debug|Any CPU
		{3971D467-13D9-439D-9E62-FC450A95BC58}.Release|Any CPU.ActiveCfg = Release|Any CPU
		{3971D467-13D9-439D-9E62-FC450A95BC58}.Release|Any CPU.Build.0 = Release|Any CPU
		{A72DBE83-A69A-4336-9782-D317BBEC49D2}.Debug|Any CPU.ActiveCfg = Debug|Any CPU
		{A72DBE83-A69A-4336-9782-D317BBEC49D2}.Debug|Any CPU.Build.0 = Debug|Any CPU
		{A72DBE83-A69A-4336-9782-D317BBEC49D2}.Release|Any CPU.ActiveCfg = Release|Any CPU
		{A72DBE83-A69A-4336-9782-D317BBEC49D2}.Release|Any CPU.Build.0 = Release|Any CPU
		{D44E0C84-6613-4CFF-9858-22C5834B64F8}.Debug|Any CPU.ActiveCfg = Debug|Any CPU
		{D44E0C84-6613-4CFF-9858-22C5834B64F8}.Debug|Any CPU.Build.0 = Debug|Any CPU
		{D44E0C84-6613-4CFF-9858-22C5834B64F8}.Release|Any CPU.ActiveCfg = Release|Any CPU
		{D44E0C84-6613-4CFF-9858-22C5834B64F8}.Release|Any CPU.Build.0 = Release|Any CPU
		{4D19C06B-D349-4907-B137-500C37DB783D}.Debug|Any CPU.ActiveCfg = Debug|Any CPU
		{4D19C06B-D349-4907-B137-500C37DB783D}.Debug|Any CPU.Build.0 = Debug|Any CPU
		{4D19C06B-D349-4907-B137-500C37DB783D}.Release|Any CPU.ActiveCfg = Release|Any CPU
		{4D19C06B-D349-4907-B137-500C37DB783D}.Release|Any CPU.Build.0 = Release|Any CPU
		{2E5A8CCE-007E-4329-B6FB-319BDE24912E}.Debug|Any CPU.ActiveCfg = Debug|Any CPU
		{2E5A8CCE-007E-4329-B6FB-319BDE24912E}.Debug|Any CPU.Build.0 = Debug|Any CPU
		{2E5A8CCE-007E-4329-B6FB-319BDE24912E}.Release|Any CPU.ActiveCfg = Release|Any CPU
		{2E5A8CCE-007E-4329-B6FB-319BDE24912E}.Release|Any CPU.Build.0 = Release|Any CPU
		{3CA25D8B-0622-4CF7-BF21-28E7ADF52FE8}.Debug|Any CPU.ActiveCfg = Debug|Any CPU
		{3CA25D8B-0622-4CF7-BF21-28E7ADF52FE8}.Debug|Any CPU.Build.0 = Debug|Any CPU
		{3CA25D8B-0622-4CF7-BF21-28E7ADF52FE8}.Release|Any CPU.ActiveCfg = Release|Any CPU
		{3CA25D8B-0622-4CF7-BF21-28E7ADF52FE8}.Release|Any CPU.Build.0 = Release|Any CPU
		{20C6B7F9-0822-4C7B-A827-7EEF63147225}.Debug|Any CPU.ActiveCfg = Debug|Any CPU
		{20C6B7F9-0822-4C7B-A827-7EEF63147225}.Debug|Any CPU.Build.0 = Debug|Any CPU
		{20C6B7F9-0822-4C7B-A827-7EEF63147225}.Release|Any CPU.ActiveCfg = Release|Any CPU
		{20C6B7F9-0822-4C7B-A827-7EEF63147225}.Release|Any CPU.Build.0 = Release|Any CPU
		{3C0DB726-A712-442A-A314-D8081F35474D}.Debug|Any CPU.ActiveCfg = Debug|Any CPU
		{3C0DB726-A712-442A-A314-D8081F35474D}.Debug|Any CPU.Build.0 = Debug|Any CPU
		{3C0DB726-A712-442A-A314-D8081F35474D}.Release|Any CPU.ActiveCfg = Release|Any CPU
		{3C0DB726-A712-442A-A314-D8081F35474D}.Release|Any CPU.Build.0 = Release|Any CPU
	EndGlobalSection
	GlobalSection(SolutionProperties) = preSolution
		HideSolutionNode = FALSE
	EndGlobalSection
	GlobalSection(NestedProjects) = preSolution
		{3971D467-13D9-439D-9E62-FC450A95BC58} = {DAF1C73D-0282-4B44-B749-B1A6747D24AA}
		{A72DBE83-A69A-4336-9782-D317BBEC49D2} = {207C17C2-7ECE-4DD7-9B18-5A4A838288A2}
		{D44E0C84-6613-4CFF-9858-22C5834B64F8} = {DAF1C73D-0282-4B44-B749-B1A6747D24AA}
		{4D19C06B-D349-4907-B137-500C37DB783D} = {DAF1C73D-0282-4B44-B749-B1A6747D24AA}
		{2E5A8CCE-007E-4329-B6FB-319BDE24912E} = {DAF1C73D-0282-4B44-B749-B1A6747D24AA}
		{3CA25D8B-0622-4CF7-BF21-28E7ADF52FE8} = {DAF1C73D-0282-4B44-B749-B1A6747D24AA}
		{20C6B7F9-0822-4C7B-A827-7EEF63147225} = {DAF1C73D-0282-4B44-B749-B1A6747D24AA}
		{3C0DB726-A712-442A-A314-D8081F35474D} = {860BC4CA-F738-497E-99D7-CD06270D96EE}
	EndGlobalSection
	GlobalSection(ExtensibilityGlobals) = postSolution
		SolutionGuid = {3FFEEAAE-F81B-4BCD-89B6-CD8AA0075382}
	EndGlobalSection
EndGlobal
